{
  "nodes": {
    "bomper": {
      "inputs": {
        "bomper": "bomper_2",
        "flake-parts": "flake-parts_2",
        "flake-utils": "flake-utils_7",
        "gitignore": "gitignore_3",
        "nixpkgs": [
          "nixpkgs"
        ],
        "pre-commit-hooks": "pre-commit-hooks_3",
        "rust-overlay": "rust-overlay_3"
      },
      "locked": {
        "lastModified": 1659911522,
        "narHash": "sha256-W9d9TTPvr6N07AVr++i8M/UV8wTrPXGyiBsBz4IWf/M=",
        "owner": "justinrubek",
        "repo": "bomper",
        "rev": "0bceca7067191cce6abe8ecea7033a9050996e12",
        "type": "github"
      },
      "original": {
        "owner": "justinrubek",
        "repo": "bomper",
        "type": "github"
      }
    },
    "bomper_2": {
      "inputs": {
        "bomper": "bomper_3",
        "flake-parts": "flake-parts",
        "flake-utils": "flake-utils_4",
        "gitignore": "gitignore_2",
        "nixpkgs": [
          "bomper",
          "nixpkgs"
        ],
        "pre-commit-hooks": "pre-commit-hooks_2",
        "rust-overlay": "rust-overlay_2"
      },
      "locked": {
        "lastModified": 1659910720,
        "narHash": "sha256-wM6qQgq6texw6+pIpAf5ivYeN6loFkziv4P6G/0RqAk=",
        "owner": "justinrubek",
        "repo": "bomper",
        "rev": "0c8b41019610ca49b38f70a98dbbf135935ceb81",
        "type": "github"
      },
      "original": {
        "owner": "justinrubek",
        "repo": "bomper",
        "type": "github"
      }
    },
    "bomper_3": {
      "inputs": {
        "flake-utils": "flake-utils",
        "gitignore": "gitignore",
        "nixpkgs": [
          "bomper",
          "bomper",
          "nixpkgs"
        ],
        "pre-commit-hooks": "pre-commit-hooks",
        "rust-overlay": "rust-overlay"
      },
      "locked": {
        "lastModified": 1659859417,
        "narHash": "sha256-rdsrAyFRfqgQelTGRwjQLUQrccDbVNhSEFtTbbdmOmY=",
        "owner": "justinrubek",
        "repo": "bomper",
        "rev": "d8ce1559b09d797d3c086a41cb2cd49a9789e476",
        "type": "github"
      },
      "original": {
        "owner": "justinrubek",
        "repo": "bomper",
        "type": "github"
      }
    },
    "crane": {
      "inputs": {
        "flake-compat": "flake-compat",
        "flake-utils": "flake-utils_10",
        "nixpkgs": [
          "nixpkgs"
        ],
        "rust-overlay": "rust-overlay_4"
      },
      "locked": {
        "lastModified": 1676162383,
        "narHash": "sha256-krUCKdz7ebHlFYm/A7IbKDnj2ZmMMm3yIEQcooqm7+E=",
        "owner": "ipetkov",
        "repo": "crane",
        "rev": "6fb400ec631b22ccdbc7090b38207f7fb5cfb5f2",
        "type": "github"
      },
      "original": {
        "owner": "ipetkov",
        "repo": "crane",
        "type": "github"
      }
    },
    "fenix": {
      "inputs": {
        "nixpkgs": [
          "nixpkgs"
        ],
        "rust-analyzer-src": "rust-analyzer-src"
      },
      "locked": {
        "lastModified": 1668148348,
        "narHash": "sha256-q9YHSazvN/yDRTvTx0GT+2u2Q9OB54fga+GAt15tawo=",
        "owner": "nix-community",
        "repo": "fenix",
        "rev": "e05b522a16a6ca2084d51d3f77590cf22d942c90",
        "type": "github"
      },
      "original": {
        "owner": "nix-community",
        "repo": "fenix",
        "type": "github"
      }
    },
    "flake-compat": {
      "flake": false,
      "locked": {
        "lastModified": 1673956053,
        "narHash": "sha256-4gtG9iQuiKITOjNQQeQIpoIB6b16fm+504Ch3sNKLd8=",
        "owner": "edolstra",
        "repo": "flake-compat",
        "rev": "35bb57c0c8d8b62bbfd284272c928ceb64ddbde9",
        "type": "github"
      },
      "original": {
        "owner": "edolstra",
        "repo": "flake-compat",
        "type": "github"
      }
    },
    "flake-compat_2": {
      "flake": false,
      "locked": {
        "lastModified": 1673956053,
        "narHash": "sha256-4gtG9iQuiKITOjNQQeQIpoIB6b16fm+504Ch3sNKLd8=",
        "owner": "edolstra",
        "repo": "flake-compat",
        "rev": "35bb57c0c8d8b62bbfd284272c928ceb64ddbde9",
        "type": "github"
      },
      "original": {
        "owner": "edolstra",
        "repo": "flake-compat",
        "type": "github"
      }
    },
    "flake-parts": {
      "inputs": {
        "nixpkgs": [
          "bomper",
          "bomper",
          "nixpkgs"
        ]
      },
      "locked": {
        "lastModified": 1657102481,
        "narHash": "sha256-62Fuw8JgPub38OdgNefkIKOodM9nC3M0AG6lS+7smf4=",
        "owner": "hercules-ci",
        "repo": "flake-parts",
        "rev": "608ed3502263d6f4f886d75c48fc2b444a4ab8d8",
        "type": "github"
      },
      "original": {
        "owner": "hercules-ci",
        "repo": "flake-parts",
        "type": "github"
      }
    },
    "flake-parts_2": {
      "inputs": {
        "nixpkgs": [
          "bomper",
          "nixpkgs"
        ]
      },
      "locked": {
        "lastModified": 1657102481,
        "narHash": "sha256-62Fuw8JgPub38OdgNefkIKOodM9nC3M0AG6lS+7smf4=",
        "owner": "hercules-ci",
        "repo": "flake-parts",
        "rev": "608ed3502263d6f4f886d75c48fc2b444a4ab8d8",
        "type": "github"
      },
      "original": {
        "owner": "hercules-ci",
        "repo": "flake-parts",
        "type": "github"
      }
    },
    "flake-parts_3": {
      "inputs": {
        "nixpkgs": [
          "nixpkgs"
        ]
      },
      "locked": {
        "lastModified": 1657102481,
        "narHash": "sha256-62Fuw8JgPub38OdgNefkIKOodM9nC3M0AG6lS+7smf4=",
        "owner": "hercules-ci",
        "repo": "flake-parts",
        "rev": "608ed3502263d6f4f886d75c48fc2b444a4ab8d8",
        "type": "github"
      },
      "original": {
        "owner": "hercules-ci",
        "repo": "flake-parts",
        "type": "github"
      }
    },
    "flake-utils": {
      "locked": {
        "lastModified": 1656928814,
        "narHash": "sha256-RIFfgBuKz6Hp89yRr7+NR5tzIAbn52h8vT6vXkYjZoM=",
        "owner": "numtide",
        "repo": "flake-utils",
        "rev": "7e2a3b3dfd9af950a856d66b0a7d01e3c18aa249",
        "type": "github"
      },
      "original": {
        "owner": "numtide",
        "repo": "flake-utils",
        "type": "github"
      }
    },
    "flake-utils_10": {
      "locked": {
        "lastModified": 1667395993,
        "narHash": "sha256-nuEHfE/LcWyuSWnS8t12N1wc105Qtau+/OdUAjtQ0rA=",
        "owner": "numtide",
        "repo": "flake-utils",
        "rev": "5aed5285a952e0b949eb3ba02c12fa4fcfef535f",
        "type": "github"
      },
      "original": {
        "owner": "numtide",
        "repo": "flake-utils",
        "type": "github"
      }
    },
    "flake-utils_11": {
      "locked": {
        "lastModified": 1667395993,
        "narHash": "sha256-nuEHfE/LcWyuSWnS8t12N1wc105Qtau+/OdUAjtQ0rA=",
        "owner": "numtide",
        "repo": "flake-utils",
        "rev": "5aed5285a952e0b949eb3ba02c12fa4fcfef535f",
        "type": "github"
      },
      "original": {
        "id": "flake-utils",
        "type": "indirect"
      }
    },
    "flake-utils_12": {
      "locked": {
        "lastModified": 1667395993,
        "narHash": "sha256-nuEHfE/LcWyuSWnS8t12N1wc105Qtau+/OdUAjtQ0rA=",
        "owner": "numtide",
        "repo": "flake-utils",
        "rev": "5aed5285a952e0b949eb3ba02c12fa4fcfef535f",
        "type": "github"
      },
      "original": {
        "owner": "numtide",
        "repo": "flake-utils",
        "type": "github"
      }
    },
    "flake-utils_2": {
      "locked": {
        "lastModified": 1644229661,
        "narHash": "sha256-1YdnJAsNy69bpcjuoKdOYQX0YxZBiCYZo4Twxerqv7k=",
        "owner": "numtide",
        "repo": "flake-utils",
        "rev": "3cecb5b042f7f209c56ffd8371b2711a290ec797",
        "type": "github"
      },
      "original": {
        "owner": "numtide",
        "repo": "flake-utils",
        "type": "github"
      }
    },
    "flake-utils_3": {
      "locked": {
        "lastModified": 1656065134,
        "narHash": "sha256-oc6E6ByIw3oJaIyc67maaFcnjYOz1mMcOtHxbEf9NwQ=",
        "owner": "numtide",
        "repo": "flake-utils",
        "rev": "bee6a7250dd1b01844a2de7e02e4df7d8a0a206c",
        "type": "github"
      },
      "original": {
        "owner": "numtide",
        "repo": "flake-utils",
        "type": "github"
      }
    },
    "flake-utils_4": {
      "locked": {
        "lastModified": 1656928814,
        "narHash": "sha256-RIFfgBuKz6Hp89yRr7+NR5tzIAbn52h8vT6vXkYjZoM=",
        "owner": "numtide",
        "repo": "flake-utils",
        "rev": "7e2a3b3dfd9af950a856d66b0a7d01e3c18aa249",
        "type": "github"
      },
      "original": {
        "owner": "numtide",
        "repo": "flake-utils",
        "type": "github"
      }
    },
    "flake-utils_5": {
      "locked": {
        "lastModified": 1644229661,
        "narHash": "sha256-1YdnJAsNy69bpcjuoKdOYQX0YxZBiCYZo4Twxerqv7k=",
        "owner": "numtide",
        "repo": "flake-utils",
        "rev": "3cecb5b042f7f209c56ffd8371b2711a290ec797",
        "type": "github"
      },
      "original": {
        "owner": "numtide",
        "repo": "flake-utils",
        "type": "github"
      }
    },
    "flake-utils_6": {
      "locked": {
        "lastModified": 1656065134,
        "narHash": "sha256-oc6E6ByIw3oJaIyc67maaFcnjYOz1mMcOtHxbEf9NwQ=",
        "owner": "numtide",
        "repo": "flake-utils",
        "rev": "bee6a7250dd1b01844a2de7e02e4df7d8a0a206c",
        "type": "github"
      },
      "original": {
        "owner": "numtide",
        "repo": "flake-utils",
        "type": "github"
      }
    },
    "flake-utils_7": {
      "locked": {
        "lastModified": 1656928814,
        "narHash": "sha256-RIFfgBuKz6Hp89yRr7+NR5tzIAbn52h8vT6vXkYjZoM=",
        "owner": "numtide",
        "repo": "flake-utils",
        "rev": "7e2a3b3dfd9af950a856d66b0a7d01e3c18aa249",
        "type": "github"
      },
      "original": {
        "owner": "numtide",
        "repo": "flake-utils",
        "type": "github"
      }
    },
    "flake-utils_8": {
      "locked": {
        "lastModified": 1644229661,
        "narHash": "sha256-1YdnJAsNy69bpcjuoKdOYQX0YxZBiCYZo4Twxerqv7k=",
        "owner": "numtide",
        "repo": "flake-utils",
        "rev": "3cecb5b042f7f209c56ffd8371b2711a290ec797",
        "type": "github"
      },
      "original": {
        "owner": "numtide",
        "repo": "flake-utils",
        "type": "github"
      }
    },
    "flake-utils_9": {
      "locked": {
        "lastModified": 1656065134,
        "narHash": "sha256-oc6E6ByIw3oJaIyc67maaFcnjYOz1mMcOtHxbEf9NwQ=",
        "owner": "numtide",
        "repo": "flake-utils",
        "rev": "bee6a7250dd1b01844a2de7e02e4df7d8a0a206c",
        "type": "github"
      },
      "original": {
        "owner": "numtide",
        "repo": "flake-utils",
        "type": "github"
      }
    },
    "gitignore": {
      "inputs": {
        "nixpkgs": [
          "bomper",
          "bomper",
          "bomper",
          "nixpkgs"
        ]
      },
      "locked": {
        "lastModified": 1658402513,
        "narHash": "sha256-wk38v/mbLsOo6+IDmmH1H0ADR87iq9QTTD1BP9X2Ags=",
        "owner": "hercules-ci",
        "repo": "gitignore.nix",
        "rev": "f2ea0f8ff1bce948ccb6b893d15d5ea3efaf1364",
        "type": "github"
      },
      "original": {
        "owner": "hercules-ci",
        "repo": "gitignore.nix",
        "type": "github"
      }
    },
    "gitignore_2": {
      "inputs": {
        "nixpkgs": [
          "bomper",
          "bomper",
          "nixpkgs"
        ]
      },
      "locked": {
        "lastModified": 1658402513,
        "narHash": "sha256-wk38v/mbLsOo6+IDmmH1H0ADR87iq9QTTD1BP9X2Ags=",
        "owner": "hercules-ci",
        "repo": "gitignore.nix",
        "rev": "f2ea0f8ff1bce948ccb6b893d15d5ea3efaf1364",
        "type": "github"
      },
      "original": {
        "owner": "hercules-ci",
        "repo": "gitignore.nix",
        "type": "github"
      }
    },
    "gitignore_3": {
      "inputs": {
        "nixpkgs": [
          "bomper",
          "nixpkgs"
        ]
      },
      "locked": {
        "lastModified": 1658402513,
        "narHash": "sha256-wk38v/mbLsOo6+IDmmH1H0ADR87iq9QTTD1BP9X2Ags=",
        "owner": "hercules-ci",
        "repo": "gitignore.nix",
        "rev": "f2ea0f8ff1bce948ccb6b893d15d5ea3efaf1364",
        "type": "github"
      },
      "original": {
        "owner": "hercules-ci",
        "repo": "gitignore.nix",
        "type": "github"
      }
    },
    "gitignore_4": {
      "inputs": {
        "nixpkgs": [
          "pre-commit-hooks",
          "nixpkgs"
        ]
      },
      "locked": {
        "lastModified": 1660459072,
        "narHash": "sha256-8DFJjXG8zqoONA1vXtgeKXy68KdJL5UaXR8NtVMUbx8=",
        "owner": "hercules-ci",
        "repo": "gitignore.nix",
        "rev": "a20de23b925fd8264fd7fad6454652e142fd7f73",
        "type": "github"
      },
      "original": {
        "owner": "hercules-ci",
        "repo": "gitignore.nix",
        "type": "github"
      }
    },
    "nix-filter": {
      "locked": {
        "lastModified": 1681154353,
        "narHash": "sha256-MCJ5FHOlbfQRFwN0brqPbCunLEVw05D/3sRVoNVt2tI=",
        "owner": "numtide",
        "repo": "nix-filter",
        "rev": "f529f42792ade8e32c4be274af6b6d60857fbee7",
        "type": "github"
      },
      "original": {
        "owner": "numtide",
        "repo": "nix-filter",
        "type": "github"
      }
    },
    "nixpkgs": {
      "locked": {
        "lastModified": 1645655918,
        "narHash": "sha256-ZfbEFRW7o237+A1P7eTKhXje435FCAoe0blj2n20Was=",
        "owner": "nixos",
        "repo": "nixpkgs",
        "rev": "77a7a4197740213879b9a1d2e1788c6c8ade4274",
        "type": "github"
      },
      "original": {
        "id": "nixpkgs",
        "type": "indirect"
      }
    },
    "nixpkgs-stable": {
      "locked": {
        "lastModified": 1673800717,
        "narHash": "sha256-SFHraUqLSu5cC6IxTprex/nTsI81ZQAtDvlBvGDWfnA=",
        "owner": "NixOS",
        "repo": "nixpkgs",
        "rev": "2f9fd351ec37f5d479556cd48be4ca340da59b8f",
        "type": "github"
      },
      "original": {
        "owner": "NixOS",
        "ref": "nixos-22.11",
        "repo": "nixpkgs",
        "type": "github"
      }
    },
    "nixpkgs_2": {
      "locked": {
        "lastModified": 1645655918,
        "narHash": "sha256-ZfbEFRW7o237+A1P7eTKhXje435FCAoe0blj2n20Was=",
        "owner": "nixos",
        "repo": "nixpkgs",
        "rev": "77a7a4197740213879b9a1d2e1788c6c8ade4274",
        "type": "github"
      },
      "original": {
        "id": "nixpkgs",
        "type": "indirect"
      }
    },
    "nixpkgs_3": {
      "locked": {
        "lastModified": 1645655918,
        "narHash": "sha256-ZfbEFRW7o237+A1P7eTKhXje435FCAoe0blj2n20Was=",
        "owner": "nixos",
        "repo": "nixpkgs",
        "rev": "77a7a4197740213879b9a1d2e1788c6c8ade4274",
        "type": "github"
      },
      "original": {
        "id": "nixpkgs",
        "type": "indirect"
      }
    },
    "nixpkgs_4": {
      "locked": {
        "lastModified": 1676177817,
        "narHash": "sha256-OQnBnuKkpwkfNY31xQyfU5hNpLs1ilWt+hVY6ztEEOM=",
        "owner": "NixOS",
        "repo": "nixpkgs",
        "rev": "1b82144edfcd0c86486d2e07c7298f85510e7fb8",
        "type": "github"
      },
      "original": {
        "id": "nixpkgs",
        "ref": "nixos-22.11",
        "type": "indirect"
      }
    },
    "pre-commit-hooks": {
      "inputs": {
        "flake-utils": "flake-utils_2",
        "nixpkgs": "nixpkgs"
      },
      "locked": {
        "lastModified": 1658611562,
        "narHash": "sha256-jktQ3mRrFAiFzzmVxQXh+8IxZOEE4hfr7St3ncXeVy4=",
        "owner": "cachix",
        "repo": "pre-commit-hooks.nix",
        "rev": "f436e6dbc10bb3500775785072a40eefe057b18e",
        "type": "github"
      },
      "original": {
        "owner": "cachix",
        "repo": "pre-commit-hooks.nix",
        "type": "github"
      }
    },
    "pre-commit-hooks_2": {
      "inputs": {
        "flake-utils": "flake-utils_5",
        "nixpkgs": "nixpkgs_2"
      },
      "locked": {
        "lastModified": 1658611562,
        "narHash": "sha256-jktQ3mRrFAiFzzmVxQXh+8IxZOEE4hfr7St3ncXeVy4=",
        "owner": "cachix",
        "repo": "pre-commit-hooks.nix",
        "rev": "f436e6dbc10bb3500775785072a40eefe057b18e",
        "type": "github"
      },
      "original": {
        "owner": "cachix",
        "repo": "pre-commit-hooks.nix",
        "type": "github"
      }
    },
    "pre-commit-hooks_3": {
      "inputs": {
        "flake-utils": "flake-utils_8",
        "nixpkgs": "nixpkgs_3"
      },
      "locked": {
        "lastModified": 1658611562,
        "narHash": "sha256-jktQ3mRrFAiFzzmVxQXh+8IxZOEE4hfr7St3ncXeVy4=",
        "owner": "cachix",
        "repo": "pre-commit-hooks.nix",
        "rev": "f436e6dbc10bb3500775785072a40eefe057b18e",
        "type": "github"
      },
      "original": {
        "owner": "cachix",
        "repo": "pre-commit-hooks.nix",
        "type": "github"
      }
    },
    "pre-commit-hooks_4": {
      "inputs": {
        "flake-compat": "flake-compat_2",
        "flake-utils": "flake-utils_12",
        "gitignore": "gitignore_4",
        "nixpkgs": [
          "nixpkgs"
        ],
        "nixpkgs-stable": "nixpkgs-stable"
      },
      "locked": {
        "lastModified": 1676279938,
        "narHash": "sha256-RDyvVdituVQQZtGA7DNaJruJLDz/pfkREpUcI4ZQvsk=",
        "owner": "cachix",
        "repo": "pre-commit-hooks.nix",
        "rev": "1583077009b6ef4236d1899c0f43cf1ce1db8085",
        "type": "github"
      },
      "original": {
        "owner": "cachix",
        "repo": "pre-commit-hooks.nix",
        "type": "github"
      }
    },
    "root": {
      "inputs": {
        "bomper": "bomper",
        "crane": "crane",
        "fenix": "fenix",
        "flake-parts": "flake-parts_3",
        "flake-utils": "flake-utils_11",
        "nix-filter": "nix-filter",
        "nixpkgs": "nixpkgs_4",
        "pre-commit-hooks": "pre-commit-hooks_4"
      }
    },
    "rust-analyzer-src": {
      "flake": false,
      "locked": {
        "lastModified": 1668023480,
        "narHash": "sha256-X4xDNX/GLAtqNoxEVA60lJYSigICJXdWrv+7reBrrjg=",
        "owner": "rust-lang",
        "repo": "rust-analyzer",
        "rev": "599142c34abad1442994947bd1200ce0bc973c54",
        "type": "github"
      },
      "original": {
        "owner": "rust-lang",
        "ref": "nightly",
        "repo": "rust-analyzer",
        "type": "github"
      }
    },
    "rust-overlay": {
      "inputs": {
        "flake-utils": "flake-utils_3",
        "nixpkgs": [
          "bomper",
          "bomper",
          "bomper",
          "nixpkgs"
        ]
      },
      "locked": {
        "lastModified": 1659063345,
        "narHash": "sha256-BCMsSZIXJumY3RROgrIIu/fw3pNISCTqcmb7/UxGx88=",
        "owner": "oxalica",
        "repo": "rust-overlay",
        "rev": "c82cd893b40dc858f91bce11a9e19ee11db86721",
        "type": "github"
      },
      "original": {
        "owner": "oxalica",
        "repo": "rust-overlay",
        "type": "github"
      }
    },
    "rust-overlay_2": {
      "inputs": {
        "flake-utils": "flake-utils_6",
        "nixpkgs": [
          "bomper",
          "bomper",
          "nixpkgs"
        ]
      },
      "locked": {
        "lastModified": 1659063345,
        "narHash": "sha256-BCMsSZIXJumY3RROgrIIu/fw3pNISCTqcmb7/UxGx88=",
        "owner": "oxalica",
        "repo": "rust-overlay",
        "rev": "c82cd893b40dc858f91bce11a9e19ee11db86721",
        "type": "github"
      },
      "original": {
        "owner": "oxalica",
        "repo": "rust-overlay",
        "type": "github"
      }
    },
    "rust-overlay_3": {
      "inputs": {
        "flake-utils": "flake-utils_9",
        "nixpkgs": [
          "bomper",
          "nixpkgs"
        ]
      },
      "locked": {
        "lastModified": 1659063345,
        "narHash": "sha256-BCMsSZIXJumY3RROgrIIu/fw3pNISCTqcmb7/UxGx88=",
        "owner": "oxalica",
        "repo": "rust-overlay",
        "rev": "c82cd893b40dc858f91bce11a9e19ee11db86721",
        "type": "github"
      },
      "original": {
        "owner": "oxalica",
        "repo": "rust-overlay",
        "type": "github"
      }
    },
    "rust-overlay_4": {
      "inputs": {
        "flake-utils": [
          "crane",
          "flake-utils"
        ],
        "nixpkgs": [
          "crane",
          "nixpkgs"
        ]
      },
      "locked": {
        "lastModified": 1675391458,
        "narHash": "sha256-ukDKZw922BnK5ohL9LhwtaDAdCsJL7L6ScNEyF1lO9w=",
        "owner": "oxalica",
        "repo": "rust-overlay",
        "rev": "383a4acfd11d778d5c2efcf28376cbd845eeaedf",
        "type": "github"
      },
      "original": {
        "owner": "oxalica",
        "repo": "rust-overlay",
        "type": "github"
      }
    }
  },
  "root": "root",
  "version": 7
}
